
Microsoft Visual Studio Solution File, Format Version 12.00
# Visual Studio Version 17
VisualStudioVersion = 17.9.34902.65
MinimumVisualStudioVersion = 10.0.40219.1
Project("{9A19103F-16F7-4668-BE54-9A1E7A4F7556}") = "Liquidata.Client", "Liquidata.Client\Liquidata.Client.csproj", "{4E5E31CA-5208-4506-A1F7-4F1534164162}"
EndProject
Project("{9A19103F-16F7-4668-BE54-9A1E7A4F7556}") = "Liquidata.Common", "Liquidata.Common\Liquidata.Common.csproj", "{48E145C4-3FA7-4B20-9932-E86EC6F2F11F}"
EndProject
Project("{9A19103F-16F7-4668-BE54-9A1E7A4F7556}") = "Liquidata.UI.Common", "Liquidata.UI.Common\Liquidata.UI.Common.csproj", "{0527E7BD-D225-4A8D-8BE8-2EAC11FDDB56}"
EndProject
Project("{9A19103F-16F7-4668-BE54-9A1E7A4F7556}") = "Liquidata.Offscreen", "Liquidata.Offscreen\Liquidata.Offscreen.csproj", "{E2515E51-0B49-4E84-8B75-EB490EA3DD07}"
EndProject
Project("{9A19103F-16F7-4668-BE54-9A1E7A4F7556}") = "Liquidata.BrowserExtension", "Liquidata.BrowserExtension\Liquidata.BrowserExtension.csproj", "{C0E3EED6-2E3A-4C2C-A6A8-885595694057}"
EndProject
Project("{2150E333-8FDC-42A3-9474-1A3956D46DE8}") = "Tests", "Tests", "{A0E6A610-EC12-4F51-BA56-C1253603135F}"
EndProject
Project("{FAE04EC0-301F-11D3-BF4B-00C04F79EFBC}") = "Liquidata.Common.Tests", "Liquidata.Common.Tests\Liquidata.Common.Tests.csproj", "{ABE5046C-C8F0-43BC-A45E-3F875A17E260}"
EndProject
Global
	GlobalSection(SolutionConfigurationPlatforms) = preSolution
		Debug|Any CPU = Debug|Any CPU
		Release|Any CPU = Release|Any CPU
	EndGlobalSection
	GlobalSection(ProjectConfigurationPlatforms) = postSolution
		{4E5E31CA-5208-4506-A1F7-4F1534164162}.Debug|Any CPU.ActiveCfg = Debug|Any CPU
		{4E5E31CA-5208-4506-A1F7-4F1534164162}.Debug|Any CPU.Build.0 = Debug|Any CPU
		{4E5E31CA-5208-4506-A1F7-4F1534164162}.Release|Any CPU.ActiveCfg = Release|Any CPU
		{4E5E31CA-5208-4506-A1F7-4F1534164162}.Release|Any CPU.Build.0 = Release|Any CPU
		{48E145C4-3FA7-4B20-9932-E86EC6F2F11F}.Debug|Any CPU.ActiveCfg = Debug|Any CPU
		{48E145C4-3FA7-4B20-9932-E86EC6F2F11F}.Debug|Any CPU.Build.0 = Debug|Any CPU
		{48E145C4-3FA7-4B20-9932-E86EC6F2F11F}.Release|Any CPU.ActiveCfg = Release|Any CPU
		{48E145C4-3FA7-4B20-9932-E86EC6F2F11F}.Release|Any CPU.Build.0 = Release|Any CPU
		{0527E7BD-D225-4A8D-8BE8-2EAC11FDDB56}.Debug|Any CPU.ActiveCfg = Debug|Any CPU
		{0527E7BD-D225-4A8D-8BE8-2EAC11FDDB56}.Debug|Any CPU.Build.0 = Debug|Any CPU
		{0527E7BD-D225-4A8D-8BE8-2EAC11FDDB56}.Release|Any CPU.ActiveCfg = Release|Any CPU
		{0527E7BD-D225-4A8D-8BE8-2EAC11FDDB56}.Release|Any CPU.Build.0 = Release|Any CPU
		{E2515E51-0B49-4E84-8B75-EB490EA3DD07}.Debug|Any CPU.ActiveCfg = Debug|Any CPU
		{E2515E51-0B49-4E84-8B75-EB490EA3DD07}.Debug|Any CPU.Build.0 = Debug|Any CPU
		{E2515E51-0B49-4E84-8B75-EB490EA3DD07}.Release|Any CPU.ActiveCfg = Release|Any CPU
		{E2515E51-0B49-4E84-8B75-EB490EA3DD07}.Release|Any CPU.Build.0 = Release|Any CPU
		{C0E3EED6-2E3A-4C2C-A6A8-885595694057}.Debug|Any CPU.ActiveCfg = Debug|Any CPU
		{C0E3EED6-2E3A-4C2C-A6A8-885595694057}.Debug|Any CPU.Build.0 = Debug|Any CPU
		{C0E3EED6-2E3A-4C2C-A6A8-885595694057}.Release|Any CPU.ActiveCfg = Release|Any CPU
		{C0E3EED6-2E3A-4C2C-A6A8-885595694057}.Release|Any CPU.Build.0 = Release|Any CPU
		{ABE5046C-C8F0-43BC-A45E-3F875A17E260}.Debug|Any CPU.ActiveCfg = Debug|Any CPU
		{ABE5046C-C8F0-43BC-A45E-3F875A17E260}.Debug|Any CPU.Build.0 = Debug|Any CPU
		{ABE5046C-C8F0-43BC-A45E-3F875A17E260}.Release|Any CPU.ActiveCfg = Release|Any CPU
		{ABE5046C-C8F0-43BC-A45E-3F875A17E260}.Release|Any CPU.Build.0 = Release|Any CPU
	EndGlobalSection
	GlobalSection(SolutionProperties) = preSolution
		HideSolutionNode = FALSE
	EndGlobalSection
	GlobalSection(NestedProjects) = preSolution
		{ABE5046C-C8F0-43BC-A45E-3F875A17E260} = {A0E6A610-EC12-4F51-BA56-C1253603135F}
	EndGlobalSection
	GlobalSection(ExtensibilityGlobals) = postSolution
		SolutionGuid = {7F08E446-0B19-4A7A-9A0F-C0CA53F92A67}
	EndGlobalSection
EndGlobal
